
Microsoft Visual Studio Solution File, Format Version 12.00
# Visual Studio 16
Project("{FAE04EC0-301F-11D3-BF4B-00C04F79EFBC}") = "Assembly-CSharp", "Assembly-CSharp.csproj", "{45490CD4-F130-0E5D-FC4B-5A0B18AF7D43}"
EndProject
Global
	GlobalSection(SolutionConfigurationPlatforms) = preSolution
		Debug|Any CPU = Debug|Any CPU
		Release|Any CPU = Release|Any CPU
	EndGlobalSection
	GlobalSection(ProjectConfigurationPlatforms) = postSolution
		{45490CD4-F130-0E5D-FC4B-5A0B18AF7D43}.Debug|Any CPU.ActiveCfg = Debug|Any CPU
		{45490CD4-F130-0E5D-FC4B-5A0B18AF7D43}.Debug|Any CPU.Build.0 = Debug|Any CPU
		{45490CD4-F130-0E5D-FC4B-5A0B18AF7D43}.Release|Any CPU.ActiveCfg = Release|Any CPU
		{45490CD4-F130-0E5D-FC4B-5A0B18AF7D43}.Release|Any CPU.Build.0 = Release|Any CPU
	EndGlobalSection
	GlobalSection(SolutionProperties) = preSolution
		HideSolutionNode = FALSE
	EndGlobalSection
EndGlobal
